
Microsoft Visual Studio Solution File, Format Version 12.00
# Visual Studio Version 16
VisualStudioVersion = 16.0.30804.86
MinimumVisualStudioVersion = 10.0.40219.1
Project("{FAE04EC0-301F-11D3-BF4B-00C04F79EFBC}") = "Iterator Pattern", "Iterator Pattern\Iterator Pattern.csproj", "{EBCB6F9C-D1FB-455D-BB8B-42D4A1E90E2E}"
EndProject
Global
	GlobalSection(SolutionConfigurationPlatforms) = preSolution
		Debug|Any CPU = Debug|Any CPU
		Release|Any CPU = Release|Any CPU
	EndGlobalSection
	GlobalSection(ProjectConfigurationPlatforms) = postSolution
		{EBCB6F9C-D1FB-455D-BB8B-42D4A1E90E2E}.Debug|Any CPU.ActiveCfg = Debug|Any CPU
		{EBCB6F9C-D1FB-455D-BB8B-42D4A1E90E2E}.Debug|Any CPU.Build.0 = Debug|Any CPU
		{EBCB6F9C-D1FB-455D-BB8B-42D4A1E90E2E}.Release|Any CPU.ActiveCfg = Release|Any CPU
		{EBCB6F9C-D1FB-455D-BB8B-42D4A1E90E2E}.Release|Any CPU.Build.0 = Release|Any CPU
	EndGlobalSection
	GlobalSection(SolutionProperties) = preSolution
		HideSolutionNode = FALSE
	EndGlobalSection
	GlobalSection(ExtensibilityGlobals) = postSolution
		SolutionGuid = {4356214C-182B-4E09-B4F4-B3AF198AE69D}
	EndGlobalSection
EndGlobal
