
Microsoft Visual Studio Solution File, Format Version 12.00
# Visual Studio Version 16
VisualStudioVersion = 16.0.30804.86
MinimumVisualStudioVersion = 10.0.40219.1
Project("{FAE04EC0-301F-11D3-BF4B-00C04F79EFBC}") = "Object Pool Pattern", "Object Pool Pattern\Object Pool Pattern.csproj", "{2A295020-665A-4D74-AE06-CE6797E84ACD}"
EndProject
Global
	GlobalSection(SolutionConfigurationPlatforms) = preSolution
		Debug|Any CPU = Debug|Any CPU
		Release|Any CPU = Release|Any CPU
	EndGlobalSection
	GlobalSection(ProjectConfigurationPlatforms) = postSolution
		{2A295020-665A-4D74-AE06-CE6797E84ACD}.Debug|Any CPU.ActiveCfg = Debug|Any CPU
		{2A295020-665A-4D74-AE06-CE6797E84ACD}.Debug|Any CPU.Build.0 = Debug|Any CPU
		{2A295020-665A-4D74-AE06-CE6797E84ACD}.Release|Any CPU.ActiveCfg = Release|Any CPU
		{2A295020-665A-4D74-AE06-CE6797E84ACD}.Release|Any CPU.Build.0 = Release|Any CPU
	EndGlobalSection
	GlobalSection(SolutionProperties) = preSolution
		HideSolutionNode = FALSE
	EndGlobalSection
	GlobalSection(ExtensibilityGlobals) = postSolution
		SolutionGuid = {14F16251-E565-4644-B04C-7417DCA5C1A1}
	EndGlobalSection
EndGlobal
