
Microsoft Visual Studio Solution File, Format Version 12.00
# Visual Studio Version 16
VisualStudioVersion = 16.0.30804.86
MinimumVisualStudioVersion = 10.0.40219.1
Project("{FAE04EC0-301F-11D3-BF4B-00C04F79EFBC}") = "Visitor Pattern", "Visitor Pattern\Visitor Pattern.csproj", "{46F0CF4B-92FE-4506-8C83-2A7F999438C7}"
EndProject
Global
	GlobalSection(SolutionConfigurationPlatforms) = preSolution
		Debug|Any CPU = Debug|Any CPU
		Release|Any CPU = Release|Any CPU
	EndGlobalSection
	GlobalSection(ProjectConfigurationPlatforms) = postSolution
		{46F0CF4B-92FE-4506-8C83-2A7F999438C7}.Debug|Any CPU.ActiveCfg = Debug|Any CPU
		{46F0CF4B-92FE-4506-8C83-2A7F999438C7}.Debug|Any CPU.Build.0 = Debug|Any CPU
		{46F0CF4B-92FE-4506-8C83-2A7F999438C7}.Release|Any CPU.ActiveCfg = Release|Any CPU
		{46F0CF4B-92FE-4506-8C83-2A7F999438C7}.Release|Any CPU.Build.0 = Release|Any CPU
	EndGlobalSection
	GlobalSection(SolutionProperties) = preSolution
		HideSolutionNode = FALSE
	EndGlobalSection
	GlobalSection(ExtensibilityGlobals) = postSolution
		SolutionGuid = {3ECF82CA-6411-4E1E-9B6E-4CA0FEFE5CE3}
	EndGlobalSection
EndGlobal
