
Microsoft Visual Studio Solution File, Format Version 12.00
# Visual Studio Version 16
VisualStudioVersion = 16.0.30804.86
MinimumVisualStudioVersion = 10.0.40219.1
Project("{FAE04EC0-301F-11D3-BF4B-00C04F79EFBC}") = "Mediator Pattern", "Mediator Pattern\Mediator Pattern.csproj", "{EB2D5AA6-7DC0-4CC1-B3AA-85E906B09F07}"
EndProject
Global
	GlobalSection(SolutionConfigurationPlatforms) = preSolution
		Debug|Any CPU = Debug|Any CPU
		Release|Any CPU = Release|Any CPU
	EndGlobalSection
	GlobalSection(ProjectConfigurationPlatforms) = postSolution
		{EB2D5AA6-7DC0-4CC1-B3AA-85E906B09F07}.Debug|Any CPU.ActiveCfg = Debug|Any CPU
		{EB2D5AA6-7DC0-4CC1-B3AA-85E906B09F07}.Debug|Any CPU.Build.0 = Debug|Any CPU
		{EB2D5AA6-7DC0-4CC1-B3AA-85E906B09F07}.Release|Any CPU.ActiveCfg = Release|Any CPU
		{EB2D5AA6-7DC0-4CC1-B3AA-85E906B09F07}.Release|Any CPU.Build.0 = Release|Any CPU
	EndGlobalSection
	GlobalSection(SolutionProperties) = preSolution
		HideSolutionNode = FALSE
	EndGlobalSection
	GlobalSection(ExtensibilityGlobals) = postSolution
		SolutionGuid = {8ACD5F3C-C6E0-4931-93CC-7A3AAA865715}
	EndGlobalSection
EndGlobal
