
Microsoft Visual Studio Solution File, Format Version 12.00
# Visual Studio Version 16
VisualStudioVersion = 16.0.30804.86
MinimumVisualStudioVersion = 10.0.40219.1
Project("{FAE04EC0-301F-11D3-BF4B-00C04F79EFBC}") = "Facade Pattern", "Facade Pattern\Facade Pattern.csproj", "{32A3A10D-CD22-4362-B9FC-0E039001E03E}"
EndProject
Global
	GlobalSection(SolutionConfigurationPlatforms) = preSolution
		Debug|Any CPU = Debug|Any CPU
		Release|Any CPU = Release|Any CPU
	EndGlobalSection
	GlobalSection(ProjectConfigurationPlatforms) = postSolution
		{32A3A10D-CD22-4362-B9FC-0E039001E03E}.Debug|Any CPU.ActiveCfg = Debug|Any CPU
		{32A3A10D-CD22-4362-B9FC-0E039001E03E}.Debug|Any CPU.Build.0 = Debug|Any CPU
		{32A3A10D-CD22-4362-B9FC-0E039001E03E}.Release|Any CPU.ActiveCfg = Release|Any CPU
		{32A3A10D-CD22-4362-B9FC-0E039001E03E}.Release|Any CPU.Build.0 = Release|Any CPU
	EndGlobalSection
	GlobalSection(SolutionProperties) = preSolution
		HideSolutionNode = FALSE
	EndGlobalSection
	GlobalSection(ExtensibilityGlobals) = postSolution
		SolutionGuid = {669ACC64-A648-4DB8-92D1-E1F361B2E6A3}
	EndGlobalSection
EndGlobal
