
Microsoft Visual Studio Solution File, Format Version 12.00
# Visual Studio Version 16
VisualStudioVersion = 16.0.31112.23
MinimumVisualStudioVersion = 10.0.40219.1
Project("{FAE04EC0-301F-11D3-BF4B-00C04F79EFBC}") = "Factory Method Tetris Figure", "Factory Method Tetris Figure\Factory Method Tetris Figure.csproj", "{391CCA36-B497-400E-A54B-2114F451C097}"
EndProject
Global
	GlobalSection(SolutionConfigurationPlatforms) = preSolution
		Debug|Any CPU = Debug|Any CPU
		Release|Any CPU = Release|Any CPU
	EndGlobalSection
	GlobalSection(ProjectConfigurationPlatforms) = postSolution
		{391CCA36-B497-400E-A54B-2114F451C097}.Debug|Any CPU.ActiveCfg = Debug|Any CPU
		{391CCA36-B497-400E-A54B-2114F451C097}.Debug|Any CPU.Build.0 = Debug|Any CPU
		{391CCA36-B497-400E-A54B-2114F451C097}.Release|Any CPU.ActiveCfg = Release|Any CPU
		{391CCA36-B497-400E-A54B-2114F451C097}.Release|Any CPU.Build.0 = Release|Any CPU
	EndGlobalSection
	GlobalSection(SolutionProperties) = preSolution
		HideSolutionNode = FALSE
	EndGlobalSection
	GlobalSection(ExtensibilityGlobals) = postSolution
		SolutionGuid = {512E0C37-607E-4AD3-A3A7-8FDEE9B15B9A}
	EndGlobalSection
EndGlobal
